
Microsoft Visual Studio Solution File, Format Version 12.00
# Visual Studio 15
VisualStudioVersion = 15.0.28307.1259
MinimumVisualStudioVersion = 10.0.40219.1
Project("{FAE04EC0-301F-11D3-BF4B-00C04F79EFBC}") = "HelloCore", "HelloCore\HelloCore.csproj", "{2FADB6F6-84FE-49E6-9DD9-D431DED63023}"
EndProject
Global
	GlobalSection(SolutionConfigurationPlatforms) = preSolution
		Debug|Any CPU = Debug|Any CPU
		Release|Any CPU = Release|Any CPU
	EndGlobalSection
	GlobalSection(ProjectConfigurationPlatforms) = postSolution
		{2FADB6F6-84FE-49E6-9DD9-D431DED63023}.Debug|Any CPU.ActiveCfg = Debug|Any CPU
		{2FADB6F6-84FE-49E6-9DD9-D431DED63023}.Debug|Any CPU.Build.0 = Debug|Any CPU
		{2FADB6F6-84FE-49E6-9DD9-D431DED63023}.Release|Any CPU.ActiveCfg = Release|Any CPU
		{2FADB6F6-84FE-49E6-9DD9-D431DED63023}.Release|Any CPU.Build.0 = Release|Any CPU
	EndGlobalSection
	GlobalSection(SolutionProperties) = preSolution
		HideSolutionNode = FALSE
	EndGlobalSection
	GlobalSection(ExtensibilityGlobals) = postSolution
		SolutionGuid = {5061B145-F2A3-4DF4-B4A9-15B9028D4FD7}
	EndGlobalSection
EndGlobal
